<?xml version="1.0" encoding="utf-8"?>
<Project ToolsVersion="4.0" xmlns="http://schemas.microsoft.com/developer/msbuild/2003">
  <ItemGroup>
    <Filter Include="Source Files">
      <UniqueIdentifier>{4FC737F1-C7A5-4376-A066-2A32D752A2FF}</UniqueIdentifier>
      <Extensions>cpp;c;cc;cxx;def;odl;idl;hpj;bat;asm;asmx</Extensions>
    </Filter>
    <Filter Include="Header Files">
      <UniqueIdentifier>{93995380-89BD-4b04-88EB-625FBE52EBFB}</UniqueIdentifier>
      <Extensions>h;hh;hpp;hxx;hm;inl;inc;ipp;xsd</Extensions>
    </Filter>
    <Filter Include="Resource Files">
      <UniqueIdentifier>{67DA6AB6-F800-4c08-8B7A-83BB121AAD01}</UniqueIdentifier>
      <Extensions>rc;ico;cur;bmp;dlg;rc2;rct;bin;rgs;gif;jpg;jpeg;jpe;resx;tiff;tif;png;wav;mfcribbon-ms</Extensions>
    </Filter>
  </ItemGroup>
  <ItemGroup>
    <ClCompile Include="Source.cpp">
      <Filter>Source Files</Filter>
    </ClCompile>
    <ClCompile Include="RandomWordsFunctions.cpp">
      <Filter>Source Files</Filter>
    </ClCompile>
    <ClCompile Include="GallowsFunctions.cpp">
      <Filter>Source Files</Filter>
    </ClCompile>
    <ClCompile Include="GallowsMain.cpp">
      <Filter>Source Files</Filter>
    </ClCompile>
    <ClCompile Include="AdminSpace.cpp">
      <Filter>Source Files</Filter>
    </ClCompile>
    <ClCompile Include="AdminWordsManagment.cpp">
      <Filter>Source Files</Filter>
    </ClCompile>
    <ClCompile Include="AdminRankingSystem.cpp">
      <Filter>Source Files</Filter>
    </ClCompile>
    <ClCompile Include="RankingSystemFunctions.cpp">
      <Filter>Source Files</Filter>
    </ClCompile>
    <ClCompile Include="SourceFunctions.cpp">
      <Filter>Source Files</Filter>
    </ClCompile>
  </ItemGroup>
  <ItemGroup>
    <ClInclude Include="HeaderRandomWordsFunctions.h">
      <Filter>Header Files</Filter>
    </ClInclude>
    <ClInclude Include="HeaderGallowsMain.h">
      <Filter>Header Files</Filter>
    </ClInclude>
    <ClInclude Include="HeaderGallowsFunctions.h">
      <Filter>Header Files</Filter>
    </ClInclude>
    <ClInclude Include="HeaderAdminSpace.h">
      <Filter>Header Files</Filter>
    </ClInclude>
    <ClInclude Include="HeaderAdminWordsManagment.h">
      <Filter>Header Files</Filter>
    </ClInclude>
    <ClInclude Include="HeaderAdminRankingSystem.h">
      <Filter>Header Files</Filter>
    </ClInclude>
    <ClInclude Include="HeaderRankingFunctions.h">
      <Filter>Header Files</Filter>
    </ClInclude>
    <ClInclude Include="HeaderSourceFunctions.h">
      <Filter>Header Files</Filter>
    </ClInclude>
  </ItemGroup>
</Project>